
Microsoft Visual Studio Solution File, Format Version 12.00
# Visual Studio 15
VisualStudioVersion = 15.0.28307.271
MinimumVisualStudioVersion = 10.0.40219.1
Project("{FAE04EC0-301F-11D3-BF4B-00C04F79EFBC}") = "ThePhantomTroupe", "ThePhantomTroupe\ThePhantomTroupe.csproj", "{4DEC2660-4A6E-47F6-9B72-7A0C965E7D50}"
EndProject
Global
	GlobalSection(SolutionConfigurationPlatforms) = preSolution
		Debug|Any CPU = Debug|Any CPU
		Release|Any CPU = Release|Any CPU
	EndGlobalSection
	GlobalSection(ProjectConfigurationPlatforms) = postSolution
		{4DEC2660-4A6E-47F6-9B72-7A0C965E7D50}.Debug|Any CPU.ActiveCfg = Debug|Any CPU
		{4DEC2660-4A6E-47F6-9B72-7A0C965E7D50}.Debug|Any CPU.Build.0 = Debug|Any CPU
		{4DEC2660-4A6E-47F6-9B72-7A0C965E7D50}.Release|Any CPU.ActiveCfg = Release|Any CPU
		{4DEC2660-4A6E-47F6-9B72-7A0C965E7D50}.Release|Any CPU.Build.0 = Release|Any CPU
	EndGlobalSection
	GlobalSection(SolutionProperties) = preSolution
		HideSolutionNode = FALSE
	EndGlobalSection
	GlobalSection(ExtensibilityGlobals) = postSolution
		SolutionGuid = {F810DB64-F235-47B6-81A5-3568EFA8900C}
	EndGlobalSection
EndGlobal
